
Microsoft Visual Studio Solution File, Format Version 12.00
# Visual Studio Version 17
VisualStudioVersion = 17.10.34916.146
MinimumVisualStudioVersion = 10.0.40219.1
Project("{FAE04EC0-301F-11D3-BF4B-00C04F79EFBC}") = "PasswordRepository.ASP", "PasswordRepository.ASP\PasswordRepository.ASP.csproj", "{1BB4D0B0-3E9A-4108-80E1-9F3740D50E7B}"
EndProject
Project("{FAE04EC0-301F-11D3-BF4B-00C04F79EFBC}") = "PasswordRepository.Core", "PasswordRepository.Core\PasswordRepository.Core.csproj", "{359DA3D7-93AB-4731-A4DB-374FCE357C29}"
EndProject
Project("{FAE04EC0-301F-11D3-BF4B-00C04F79EFBC}") = "PasswordRepository.Relational", "PasswordRepository.Relational\PasswordRepository.Relational.csproj", "{A72C743C-693E-42AA-AAFF-6F5504496CFE}"
EndProject
Project("{FAE04EC0-301F-11D3-BF4B-00C04F79EFBC}") = "PasswordRepository.WPF", "PasswordRepository.WPF\PasswordRepository.WPF.csproj", "{94D44CF5-C494-4728-9769-6CB4092D829B}"
EndProject
Global
	GlobalSection(SolutionConfigurationPlatforms) = preSolution
		Debug|Any CPU = Debug|Any CPU
		Release|Any CPU = Release|Any CPU
	EndGlobalSection
	GlobalSection(ProjectConfigurationPlatforms) = postSolution
		{1BB4D0B0-3E9A-4108-80E1-9F3740D50E7B}.Debug|Any CPU.ActiveCfg = Debug|Any CPU
		{1BB4D0B0-3E9A-4108-80E1-9F3740D50E7B}.Debug|Any CPU.Build.0 = Debug|Any CPU
		{1BB4D0B0-3E9A-4108-80E1-9F3740D50E7B}.Release|Any CPU.ActiveCfg = Release|Any CPU
		{1BB4D0B0-3E9A-4108-80E1-9F3740D50E7B}.Release|Any CPU.Build.0 = Release|Any CPU
		{359DA3D7-93AB-4731-A4DB-374FCE357C29}.Debug|Any CPU.ActiveCfg = Debug|Any CPU
		{359DA3D7-93AB-4731-A4DB-374FCE357C29}.Debug|Any CPU.Build.0 = Debug|Any CPU
		{359DA3D7-93AB-4731-A4DB-374FCE357C29}.Release|Any CPU.ActiveCfg = Release|Any CPU
		{359DA3D7-93AB-4731-A4DB-374FCE357C29}.Release|Any CPU.Build.0 = Release|Any CPU
		{A72C743C-693E-42AA-AAFF-6F5504496CFE}.Debug|Any CPU.ActiveCfg = Debug|Any CPU
		{A72C743C-693E-42AA-AAFF-6F5504496CFE}.Debug|Any CPU.Build.0 = Debug|Any CPU
		{A72C743C-693E-42AA-AAFF-6F5504496CFE}.Release|Any CPU.ActiveCfg = Release|Any CPU
		{A72C743C-693E-42AA-AAFF-6F5504496CFE}.Release|Any CPU.Build.0 = Release|Any CPU
		{94D44CF5-C494-4728-9769-6CB4092D829B}.Debug|Any CPU.ActiveCfg = Debug|Any CPU
		{94D44CF5-C494-4728-9769-6CB4092D829B}.Debug|Any CPU.Build.0 = Debug|Any CPU
		{94D44CF5-C494-4728-9769-6CB4092D829B}.Release|Any CPU.ActiveCfg = Release|Any CPU
		{94D44CF5-C494-4728-9769-6CB4092D829B}.Release|Any CPU.Build.0 = Release|Any CPU
	EndGlobalSection
	GlobalSection(SolutionProperties) = preSolution
		HideSolutionNode = FALSE
	EndGlobalSection
	GlobalSection(ExtensibilityGlobals) = postSolution
		SolutionGuid = {7DA8537A-0592-4F21-A212-BCEB915AF4C9}
	EndGlobalSection
EndGlobal
